<?xml version="1.0" encoding="utf-8"?>
<Project ToolsVersion="4.0" xmlns="http://schemas.microsoft.com/developer/msbuild/2003">
  <ItemGroup>
    <Filter Include="源文件">
      <UniqueIdentifier>{4FC737F1-C7A5-4376-A066-2A32D752A2FF}</UniqueIdentifier>
      <Extensions>cpp;c;cc;cxx;c++;cppm;ixx;def;odl;idl;hpj;bat;asm;asmx</Extensions>
    </Filter>
    <Filter Include="头文件">
      <UniqueIdentifier>{93995380-89BD-4b04-88EB-625FBE52EBFB}</UniqueIdentifier>
      <Extensions>h;hh;hpp;hxx;h++;hm;inl;inc;ipp;xsd</Extensions>
    </Filter>
    <Filter Include="资源文件">
      <UniqueIdentifier>{67DA6AB6-F800-4c08-8B7A-83BB121AAD01}</UniqueIdentifier>
      <Extensions>rc;ico;cur;bmp;dlg;rc2;rct;bin;rgs;gif;jpg;jpeg;jpe;resx;tiff;tif;png;wav;mfcribbon-ms</Extensions>
    </Filter>
    <Filter Include="排序算法">
      <UniqueIdentifier>{f854c606-a565-4da9-bd41-efdc99d232f8}</UniqueIdentifier>
    </Filter>
    <Filter Include="排序算法\头文件">
      <UniqueIdentifier>{12c2fdf6-c60e-44bb-b636-2cd333dfa3a4}</UniqueIdentifier>
    </Filter>
    <Filter Include="排序算法\源文件">
      <UniqueIdentifier>{eb71bad9-8650-4d4c-a678-acc3c9a24f36}</UniqueIdentifier>
    </Filter>
  </ItemGroup>
  <ItemGroup>
    <ClCompile Include="main.c">
      <Filter>源文件</Filter>
    </ClCompile>
    <ClCompile Include="removeElement.c">
      <Filter>源文件</Filter>
    </ClCompile>
    <ClCompile Include="message.c">
      <Filter>源文件</Filter>
    </ClCompile>
    <ClCompile Include="InsertSort.c">
      <Filter>排序算法\源文件</Filter>
    </ClCompile>
    <ClCompile Include="BinaryInsertSort.c">
      <Filter>排序算法\源文件</Filter>
    </ClCompile>
    <ClCompile Include="ShellSort.c">
      <Filter>排序算法\源文件</Filter>
    </ClCompile>
    <ClCompile Include="QuickSort.c">
      <Filter>排序算法\源文件</Filter>
    </ClCompile>
    <ClCompile Include="BubbleSort.c">
      <Filter>排序算法\源文件</Filter>
    </ClCompile>
    <ClCompile Include="SelectSort.c">
      <Filter>排序算法\源文件</Filter>
    </ClCompile>
    <ClCompile Include="HeapSort.c">
      <Filter>排序算法\源文件</Filter>
    </ClCompile>
  </ItemGroup>
  <ItemGroup>
    <ClInclude Include="removeElement.h">
      <Filter>头文件</Filter>
    </ClInclude>
    <ClInclude Include="message.h">
      <Filter>头文件</Filter>
    </ClInclude>
    <ClInclude Include="InsertSort.h">
      <Filter>排序算法\头文件</Filter>
    </ClInclude>
    <ClInclude Include="BinaryInsertSort.h">
      <Filter>排序算法\头文件</Filter>
    </ClInclude>
    <ClInclude Include="ShellSort.h">
      <Filter>排序算法\头文件</Filter>
    </ClInclude>
    <ClInclude Include="QuickSort.h">
      <Filter>排序算法\头文件</Filter>
    </ClInclude>
    <ClInclude Include="BubbleSort.h">
      <Filter>排序算法\头文件</Filter>
    </ClInclude>
    <ClInclude Include="SelectSort.h">
      <Filter>排序算法\头文件</Filter>
    </ClInclude>
    <ClInclude Include="HeapSort.h">
      <Filter>排序算法\头文件</Filter>
    </ClInclude>
  </ItemGroup>
</Project>